
Microsoft Visual Studio Solution File, Format Version 12.00
# Visual Studio Version 17
VisualStudioVersion = 17.13.35828.75 d17.13
MinimumVisualStudioVersion = 10.0.40219.1
Project("{FAE04EC0-301F-11D3-BF4B-00C04F79EFBC}") = "ST10495148_Practicum", "ST10495148_Practicum.csproj", "{0AFE95BA-8625-427A-8CB6-25A204834DD9}"
EndProject
Global
	GlobalSection(SolutionConfigurationPlatforms) = preSolution
		Debug|Any CPU = Debug|Any CPU
		Release|Any CPU = Release|Any CPU
	EndGlobalSection
	GlobalSection(ProjectConfigurationPlatforms) = postSolution
		{0AFE95BA-8625-427A-8CB6-25A204834DD9}.Debug|Any CPU.ActiveCfg = Debug|Any CPU
		{0AFE95BA-8625-427A-8CB6-25A204834DD9}.Debug|Any CPU.Build.0 = Debug|Any CPU
		{0AFE95BA-8625-427A-8CB6-25A204834DD9}.Release|Any CPU.ActiveCfg = Release|Any CPU
		{0AFE95BA-8625-427A-8CB6-25A204834DD9}.Release|Any CPU.Build.0 = Release|Any CPU
	EndGlobalSection
	GlobalSection(SolutionProperties) = preSolution
		HideSolutionNode = FALSE
	EndGlobalSection
	GlobalSection(ExtensibilityGlobals) = postSolution
		SolutionGuid = {F9B6CCEF-1169-4356-8151-A73E0B2658F4}
	EndGlobalSection
EndGlobal
